
Microsoft Visual Studio Solution File, Format Version 12.00
# Visual Studio 15
VisualStudioVersion = 15.0.27428.2011
MinimumVisualStudioVersion = 10.0.40219.1
Project("{FAE04EC0-301F-11D3-BF4B-00C04F79EFBC}") = "Poc.AppelerService", "Poc.AppelerService\Poc.AppelerService.csproj", "{76A5ECFA-C225-43CA-BA93-8E523BD600AF}"
EndProject
Global
	GlobalSection(SolutionConfigurationPlatforms) = preSolution
		Debug|Any CPU = Debug|Any CPU
		Release|Any CPU = Release|Any CPU
	EndGlobalSection
	GlobalSection(ProjectConfigurationPlatforms) = postSolution
		{76A5ECFA-C225-43CA-BA93-8E523BD600AF}.Debug|Any CPU.ActiveCfg = Debug|Any CPU
		{76A5ECFA-C225-43CA-BA93-8E523BD600AF}.Debug|Any CPU.Build.0 = Debug|Any CPU
		{76A5ECFA-C225-43CA-BA93-8E523BD600AF}.Release|Any CPU.ActiveCfg = Release|Any CPU
		{76A5ECFA-C225-43CA-BA93-8E523BD600AF}.Release|Any CPU.Build.0 = Release|Any CPU
	EndGlobalSection
	GlobalSection(SolutionProperties) = preSolution
		HideSolutionNode = FALSE
	EndGlobalSection
	GlobalSection(ExtensibilityGlobals) = postSolution
		SolutionGuid = {D9001CD2-C557-4B50-8153-30AD1B1D2F21}
	EndGlobalSection
EndGlobal
