
Microsoft Visual Studio Solution File, Format Version 12.00
# Visual Studio 15
VisualStudioVersion = 15.0.27428.2011
MinimumVisualStudioVersion = 10.0.40219.1
Project("{FAE04EC0-301F-11D3-BF4B-00C04F79EFBC}") = "Poc.HelloWorld", "Poc.HelloWorld\Poc.HelloWorld.csproj", "{0E2334D5-F5FD-4E67-AC45-F92183BFA175}"
EndProject
Global
	GlobalSection(SolutionConfigurationPlatforms) = preSolution
		Debug|Any CPU = Debug|Any CPU
		Release|Any CPU = Release|Any CPU
	EndGlobalSection
	GlobalSection(ProjectConfigurationPlatforms) = postSolution
		{0E2334D5-F5FD-4E67-AC45-F92183BFA175}.Debug|Any CPU.ActiveCfg = Debug|Any CPU
		{0E2334D5-F5FD-4E67-AC45-F92183BFA175}.Debug|Any CPU.Build.0 = Debug|Any CPU
		{0E2334D5-F5FD-4E67-AC45-F92183BFA175}.Release|Any CPU.ActiveCfg = Release|Any CPU
		{0E2334D5-F5FD-4E67-AC45-F92183BFA175}.Release|Any CPU.Build.0 = Release|Any CPU
	EndGlobalSection
	GlobalSection(SolutionProperties) = preSolution
		HideSolutionNode = FALSE
	EndGlobalSection
	GlobalSection(ExtensibilityGlobals) = postSolution
		SolutionGuid = {45ACE4BD-8720-482B-95D3-9688327CF47E}
	EndGlobalSection
EndGlobal
